
Microsoft Visual Studio Solution File, Format Version 12.00
# Visual Studio Version 16
VisualStudioVersion = 16.0.33927.289
MinimumVisualStudioVersion = 10.0.40219.1
Project("{FAE04EC0-301F-11D3-BF4B-00C04F79EFBC}") = "WindowsFormsApp1", "WindowsFormsApp1.csproj", "{BBE05EA3-3232-43FF-ADDE-1A7FD44DD53E}"
EndProject
Global
	GlobalSection(SolutionConfigurationPlatforms) = preSolution
		Debug|Any CPU = Debug|Any CPU
		Debug|x64 = Debug|x64
		Release|Any CPU = Release|Any CPU
		Release|x64 = Release|x64
	EndGlobalSection
	GlobalSection(ProjectConfigurationPlatforms) = postSolution
		{BBE05EA3-3232-43FF-ADDE-1A7FD44DD53E}.Debug|Any CPU.ActiveCfg = Debug|Any CPU
		{BBE05EA3-3232-43FF-ADDE-1A7FD44DD53E}.Debug|Any CPU.Build.0 = Debug|Any CPU
		{BBE05EA3-3232-43FF-ADDE-1A7FD44DD53E}.Debug|x64.ActiveCfg = Debug|x64
		{BBE05EA3-3232-43FF-ADDE-1A7FD44DD53E}.Debug|x64.Build.0 = Debug|x64
		{BBE05EA3-3232-43FF-ADDE-1A7FD44DD53E}.Release|Any CPU.ActiveCfg = Release|Any CPU
		{BBE05EA3-3232-43FF-ADDE-1A7FD44DD53E}.Release|Any CPU.Build.0 = Release|Any CPU
		{BBE05EA3-3232-43FF-ADDE-1A7FD44DD53E}.Release|x64.ActiveCfg = Release|x64
		{BBE05EA3-3232-43FF-ADDE-1A7FD44DD53E}.Release|x64.Build.0 = Release|x64
	EndGlobalSection
	GlobalSection(SolutionProperties) = preSolution
		HideSolutionNode = FALSE
	EndGlobalSection
	GlobalSection(ExtensibilityGlobals) = postSolution
		SolutionGuid = {7D565A1A-F1BA-46BD-9A79-FDCAA5E634D7}
	EndGlobalSection
EndGlobal
